
Microsoft Visual Studio Solution File, Format Version 12.00
# Visual Studio Version 16
VisualStudioVersion = 16.0.30611.23
MinimumVisualStudioVersion = 10.0.40219.1
Project("{9A19103F-16F7-4668-BE54-9A1E7A4F7556}") = "DataAccess", "DataAccess\DataAccess.csproj", "{FE729707-CBAF-46C4-8780-6E8C7357F97C}"
EndProject
Project("{9A19103F-16F7-4668-BE54-9A1E7A4F7556}") = "Business", "Business\Business.csproj", "{51754E80-F0C0-49EF-BE2A-3511F7C831AE}"
EndProject
Project("{9A19103F-16F7-4668-BE54-9A1E7A4F7556}") = "Entities", "Entities\Entities.csproj", "{E3EF1D99-F7E3-4BDA-90DD-894508C96058}"
EndProject
Project("{9A19103F-16F7-4668-BE54-9A1E7A4F7556}") = "ConsoleUI", "ConsoleUI\ConsoleUI.csproj", "{3F75454B-4B7F-4301-A2D3-26EDB1D321A4}"
EndProject
Project("{FAE04EC0-301F-11D3-BF4B-00C04F79EFBC}") = "Core", "Core\Core.csproj", "{8E8D8ACC-48B7-46C5-8E37-F0E017351108}"
EndProject
Global
	GlobalSection(SolutionConfigurationPlatforms) = preSolution
		Debug|Any CPU = Debug|Any CPU
		Release|Any CPU = Release|Any CPU
	EndGlobalSection
	GlobalSection(ProjectConfigurationPlatforms) = postSolution
		{FE729707-CBAF-46C4-8780-6E8C7357F97C}.Debug|Any CPU.ActiveCfg = Debug|Any CPU
		{FE729707-CBAF-46C4-8780-6E8C7357F97C}.Debug|Any CPU.Build.0 = Debug|Any CPU
		{FE729707-CBAF-46C4-8780-6E8C7357F97C}.Release|Any CPU.ActiveCfg = Release|Any CPU
		{FE729707-CBAF-46C4-8780-6E8C7357F97C}.Release|Any CPU.Build.0 = Release|Any CPU
		{51754E80-F0C0-49EF-BE2A-3511F7C831AE}.Debug|Any CPU.ActiveCfg = Debug|Any CPU
		{51754E80-F0C0-49EF-BE2A-3511F7C831AE}.Debug|Any CPU.Build.0 = Debug|Any CPU
		{51754E80-F0C0-49EF-BE2A-3511F7C831AE}.Release|Any CPU.ActiveCfg = Release|Any CPU
		{51754E80-F0C0-49EF-BE2A-3511F7C831AE}.Release|Any CPU.Build.0 = Release|Any CPU
		{E3EF1D99-F7E3-4BDA-90DD-894508C96058}.Debug|Any CPU.ActiveCfg = Debug|Any CPU
		{E3EF1D99-F7E3-4BDA-90DD-894508C96058}.Debug|Any CPU.Build.0 = Debug|Any CPU
		{E3EF1D99-F7E3-4BDA-90DD-894508C96058}.Release|Any CPU.ActiveCfg = Release|Any CPU
		{E3EF1D99-F7E3-4BDA-90DD-894508C96058}.Release|Any CPU.Build.0 = Release|Any CPU
		{3F75454B-4B7F-4301-A2D3-26EDB1D321A4}.Debug|Any CPU.ActiveCfg = Debug|Any CPU
		{3F75454B-4B7F-4301-A2D3-26EDB1D321A4}.Debug|Any CPU.Build.0 = Debug|Any CPU
		{3F75454B-4B7F-4301-A2D3-26EDB1D321A4}.Release|Any CPU.ActiveCfg = Release|Any CPU
		{3F75454B-4B7F-4301-A2D3-26EDB1D321A4}.Release|Any CPU.Build.0 = Release|Any CPU
		{8E8D8ACC-48B7-46C5-8E37-F0E017351108}.Debug|Any CPU.ActiveCfg = Debug|Any CPU
		{8E8D8ACC-48B7-46C5-8E37-F0E017351108}.Debug|Any CPU.Build.0 = Debug|Any CPU
		{8E8D8ACC-48B7-46C5-8E37-F0E017351108}.Release|Any CPU.ActiveCfg = Release|Any CPU
		{8E8D8ACC-48B7-46C5-8E37-F0E017351108}.Release|Any CPU.Build.0 = Release|Any CPU
	EndGlobalSection
	GlobalSection(SolutionProperties) = preSolution
		HideSolutionNode = FALSE
	EndGlobalSection
	GlobalSection(ExtensibilityGlobals) = postSolution
		SolutionGuid = {AF524383-E10A-453E-8770-58C311423D22}
	EndGlobalSection
EndGlobal
